{
  "name": "client",
  "lockfileVersion": 3,
  "requires": true,
  "packages": {
    "": {
      "dependencies": {
        "@genezio-sdk/typescript-sdk-example": "^1.0.0-prod"
      }
    },
    "node_modules/@genezio-sdk/typescript-sdk-example": {
      "version": "1.0.0-prod",
      "resolved": "https://yptt62gzkhog5xuxtuwxvb6ohi0dtfhg.lambda-url.us-east-1.on.aws/RegistryHTTPHandler/npm/typescript-sdk-example/-/typescript-sdk-example-1.0.0-prod.tgz",
      "integrity": "sha512-A20Q4JifykY8MeBSBnKzzC/V5K7wA4leuHsRLeEnLiSr04KTW4F5MC/5T01D07Du+ZPtPzEGRoyXzifvTsEhSw==",
      "bundleDependencies": [
        "genezio-remote"
      ],
      "dependencies": {
        "genezio-remote": "1.0.0"
      }
    },
    "node_modules/@genezio-sdk/typescript-sdk-example/node_modules/genezio-remote": {
      "version": "1.0.0",
      "inBundle": true
    }
  }
}
