{
  "name": "hello-world",
  "version": "1.0.0",
  "lockfileVersion": 2,
  "requires": true,
  "packages": {
    "": {
      "name": "hello-world",
      "version": "1.0.0",
      "license": "ISC",
      "dependencies": {
        "@genezio-sdk/hello-world_eu-central-1": "npm:@genezio-sdk/hello-world@^1.0.0-prod"
      }
    },
    "node_modules/@genezio-sdk/hello-world_eu-central-1": {
      "name": "@genezio-sdk/hello-world",
      "version": "1.0.0-prod",
      "resolved": "https://yptt62gzkhog5xuxtuwxvb6ohi0dtfhg.lambda-url.us-east-1.on.aws/RegistryHTTPHandler/npm/hello-world/-/hello-world-1.0.0-prod.tgz",
      "integrity": "sha512-kkNZzqWxq1G7MtE6ITCCvtCDqvv1LC7nJxwBqj7DZPQHJZBDYzHIUXL3r5KXU1y/fJsbMUJE1JlVFCM1gyyvZg==",
      "bundleDependencies": [
        "genezio-remote"
      ],
      "dependencies": {
        "genezio-remote": "1.0.0"
      }
    },
    "node_modules/@genezio-sdk/hello-world_eu-central-1/node_modules/genezio-remote": {
      "version": "1.0.0",
      "inBundle": true
    }
  },
  "dependencies": {
    "@genezio-sdk/hello-world_eu-central-1": {
      "version": "npm:@genezio-sdk/hello-world@1.0.0-prod",
      "resolved": "https://yptt62gzkhog5xuxtuwxvb6ohi0dtfhg.lambda-url.us-east-1.on.aws/RegistryHTTPHandler/npm/hello-world/-/hello-world-1.0.0-prod.tgz",
      "integrity": "sha512-kkNZzqWxq1G7MtE6ITCCvtCDqvv1LC7nJxwBqj7DZPQHJZBDYzHIUXL3r5KXU1y/fJsbMUJE1JlVFCM1gyyvZg==",
      "requires": {
        "genezio-remote": "1.0.0"
      },
      "dependencies": {
        "genezio-remote": {
          "version": "1.0.0",
          "bundled": true
        }
      }
    }
  }
}
