{
  "name": "client",
  "lockfileVersion": 3,
  "requires": true,
  "packages": {
    "": {
      "dependencies": {
        "@genezio-sdk/test-dart-typescript-sdk": "^1.0.0-prod"
      }
    },
    "node_modules/@genezio-sdk/test-dart-typescript-sdk": {
      "version": "1.0.0-prod",
      "resolved": "https://yptt62gzkhog5xuxtuwxvb6ohi0dtfhg.lambda-url.us-east-1.on.aws/RegistryHTTPHandler/npm/test-dart-typescript-sdk/-/test-dart-typescript-sdk-1.0.0-prod.tgz",
      "integrity": "sha512-/ghpHgWoa3QcUgEiNT27VXL2y1ux3cGoHl+/xdYMjK4yU2iy8IVCDQ0FcJLfT/+y3bSqOl31sFE0IQDR1YVLOw==",
      "bundleDependencies": [
        "genezio-remote"
      ],
      "dependencies": {
        "genezio-remote": "1.0.0"
      }
    },
    "node_modules/@genezio-sdk/test-dart-typescript-sdk/node_modules/genezio-remote": {
      "version": "1.0.0",
      "inBundle": true
    }
  }
}
