{
  "name": "hello-world",
  "version": "1.0.0",
  "lockfileVersion": 3,
  "requires": true,
  "packages": {
    "": {
      "name": "hello-world",
      "version": "1.0.0",
      "license": "ISC",
      "dependencies": {
        "@genezio-sdk/hello-world-runtime": "^1.0.0-prod"
      }
    },
    "node_modules/@genezio-sdk/hello-world-runtime": {
      "version": "1.0.0-prod",
      "resolved": "https://yptt62gzkhog5xuxtuwxvb6ohi0dtfhg.lambda-url.us-east-1.on.aws/RegistryHTTPHandler/npm/hello-world-runtime/-/hello-world-runtime-1.0.0-prod.tgz",
      "integrity": "sha512-CYMJV5l/zqtR0jcN+V/b0rRRc3lR2rVQhPhiL/TnZXWtgxaZqQ0JuW3VPpNBCQa7Y9GU1ZS27Ck1jjc+j2cOmg==",
      "bundleDependencies": [
        "genezio-remote"
      ],
      "dependencies": {
        "genezio-remote": "1.0.0"
      }
    },
    "node_modules/@genezio-sdk/hello-world-runtime/node_modules/genezio-remote": {
      "version": "1.0.0",
      "inBundle": true
    }
  }
}
