{
  "name": "server",
  "version": "1.0.0",
  "lockfileVersion": 2,
  "requires": true,
  "packages": {
    "": {
      "name": "server",
      "version": "1.0.0",
      "license": "ISC",
      "dependencies": {
        "@genezio-sdk/webhook-example": "^1.0.0-prod",
        "@genezio/types": "^1.0.14",
        "parse-multipart-data": "^1.5.0"
      }
    },
    "node_modules/@genezio-sdk/webhook-example": {
      "version": "1.0.0-prod",
      "resolved": "https://yptt62gzkhog5xuxtuwxvb6ohi0dtfhg.lambda-url.us-east-1.on.aws/RegistryHTTPHandler/npm/webhook-example/-/webhook-example-1.0.0-prod.tgz",
      "integrity": "sha512-2+TA2k4bNWj+nDJnJCiny/3lZoHaxSmu0gpW72H6mr5qkw4dz/U6ZOPfk3hynK2eA4Cm4KlWl2W5yz8Dk063cw==",
      "bundleDependencies": [
        "genezio-remote"
      ],
      "dependencies": {
        "genezio-remote": "1.0.0"
      }
    },
    "node_modules/@genezio-sdk/webhook-example/node_modules/genezio-remote": {
      "version": "1.0.0",
      "inBundle": true
    },
    "node_modules/@genezio/auth": {
      "version": "2.0.8",
      "resolved": "https://registry.npmjs.org/@genezio/auth/-/auth-2.0.8.tgz",
      "integrity": "sha512-/cS8Ovm2dgYOgD4upyVW2vbJh0VSHvhJ1KJGAyAJr4x+jmWne65If6z0V+JX7b5rciJXAyCcMuSbgajixz7tRQ=="
    },
    "node_modules/@genezio/types": {
      "version": "1.0.14",
      "resolved": "https://registry.npmjs.org/@genezio/types/-/types-1.0.14.tgz",
      "integrity": "sha512-Tml55nagjvCTD2gzHYmYjt+T1KxG2WUYKtZ7BvQzQhmlJ+ywhsE+136H7KXVa+y80arBpRY/VI8vXIHQGrfPXw==",
      "dependencies": {
        "@genezio/auth": "^2.0.5"
      }
    },
    "node_modules/parse-multipart-data": {
      "version": "1.5.0",
      "resolved": "https://registry.npmjs.org/parse-multipart-data/-/parse-multipart-data-1.5.0.tgz",
      "integrity": "sha512-ck5zaMF0ydjGfejNMnlo5YU2oJ+pT+80Jb1y4ybanT27j+zbVP/jkYmCrUGsEln0Ox/hZmuvgy8Ra7AxbXP2Mw=="
    }
  },
  "dependencies": {
    "@genezio-sdk/webhook-example": {
      "version": "1.0.0-prod",
      "resolved": "https://yptt62gzkhog5xuxtuwxvb6ohi0dtfhg.lambda-url.us-east-1.on.aws/RegistryHTTPHandler/npm/webhook-example/-/webhook-example-1.0.0-prod.tgz",
      "integrity": "sha512-2+TA2k4bNWj+nDJnJCiny/3lZoHaxSmu0gpW72H6mr5qkw4dz/U6ZOPfk3hynK2eA4Cm4KlWl2W5yz8Dk063cw==",
      "requires": {
        "genezio-remote": "1.0.0"
      },
      "dependencies": {
        "genezio-remote": {
          "version": "1.0.0",
          "bundled": true
        }
      }
    },
    "@genezio/auth": {
      "version": "2.0.8",
      "resolved": "https://registry.npmjs.org/@genezio/auth/-/auth-2.0.8.tgz",
      "integrity": "sha512-/cS8Ovm2dgYOgD4upyVW2vbJh0VSHvhJ1KJGAyAJr4x+jmWne65If6z0V+JX7b5rciJXAyCcMuSbgajixz7tRQ=="
    },
    "@genezio/types": {
      "version": "1.0.14",
      "resolved": "https://registry.npmjs.org/@genezio/types/-/types-1.0.14.tgz",
      "integrity": "sha512-Tml55nagjvCTD2gzHYmYjt+T1KxG2WUYKtZ7BvQzQhmlJ+ywhsE+136H7KXVa+y80arBpRY/VI8vXIHQGrfPXw==",
      "requires": {
        "@genezio/auth": "^2.0.5"
      }
    },
    "parse-multipart-data": {
      "version": "1.5.0",
      "resolved": "https://registry.npmjs.org/parse-multipart-data/-/parse-multipart-data-1.5.0.tgz",
      "integrity": "sha512-ck5zaMF0ydjGfejNMnlo5YU2oJ+pT+80Jb1y4ybanT27j+zbVP/jkYmCrUGsEln0Ox/hZmuvgy8Ra7AxbXP2Mw=="
    }
  }
}
