{
  "name": "server",
  "version": "1.0.0",
  "lockfileVersion": 3,
  "requires": true,
  "packages": {
    "": {
      "name": "server",
      "version": "1.0.0",
      "license": "ISC",
      "dependencies": {
        "@genezio/types": "^1.0.14",
        "parse-multipart-data": "^1.5.0"
      }
    },
    "node_modules/@genezio/auth": {
      "version": "2.0.20",
      "resolved": "https://registry.npmjs.org/@genezio/auth/-/auth-2.0.20.tgz",
      "integrity": "sha512-xaPAtgoacYDJiGqT9bty5+odbHWZ+QFOoLu4EPCpJA12Vi04TdeVZHUjYrY4tpdOVEwTnuWhHMy7LHZQ1SgK3g==",
      "bundleDependencies": [
        "genezio-remote"
      ],
      "dependencies": {
        "genezio-remote": "1.0.0"
      }
    },
    "node_modules/@genezio/auth/node_modules/genezio-remote": {
      "version": "1.0.0",
      "inBundle": true
    },
    "node_modules/@genezio/types": {
      "version": "1.0.18",
      "resolved": "https://registry.npmjs.org/@genezio/types/-/types-1.0.18.tgz",
      "integrity": "sha512-CUvFVcKqZacZ8S85riGOXgfa/TlHnXqqJq5G5YYAbkcGQvXBhDtODi6Ylii1GLHsXbUUpzBUwqzOmdUNVutAzw==",
      "dependencies": {
        "@genezio/auth": "^2.0.16-dev"
      }
    },
    "node_modules/parse-multipart-data": {
      "version": "1.5.0",
      "resolved": "https://registry.npmjs.org/parse-multipart-data/-/parse-multipart-data-1.5.0.tgz",
      "integrity": "sha512-ck5zaMF0ydjGfejNMnlo5YU2oJ+pT+80Jb1y4ybanT27j+zbVP/jkYmCrUGsEln0Ox/hZmuvgy8Ra7AxbXP2Mw=="
    }
  }
}
