{
    "name": "binary-dependency-test",
    "version": "1.0.0",
    "lockfileVersion": 3,
    "requires": true,
    "packages": {
        "": {
            "name": "binary-dependency-test",
            "version": "1.0.0",
            "license": "ISC",
            "dependencies": {
                "@genezio-sdk/binary-dependency": "^1.0.0-prod"
            }
        },
        "node_modules/@genezio-sdk/binary-dependency": {
            "version": "1.0.0-prod",
            "resolved": "https://yptt62gzkhog5xuxtuwxvb6ohi0dtfhg.lambda-url.us-east-1.on.aws/RegistryHTTPHandler/npm/binary-dependency/-/binary-dependency-1.0.0-prod.tgz",
            "integrity": "sha512-0GnrJFQxsYku7nAQpVz8LMbh5zkA5TB9acUujD0mYjMcVnOvMe20/zr4cQqzOsVXrK4nWOhTAmE3cAGgLt0Vow==",
            "bundleDependencies": [
                "genezio-remote"
            ],
            "dependencies": {
                "genezio-remote": "1.0.0"
            }
        },
        "node_modules/@genezio-sdk/binary-dependency/node_modules/genezio-remote": {
            "version": "1.0.0",
            "inBundle": true
        }
    }
}
