{
  "name": "client",
  "lockfileVersion": 3,
  "requires": true,
  "packages": {
    "": {
      "dependencies": {
        "@genezio-sdk/cron-example": "^1.0.0-prod"
      }
    },
    "node_modules/@genezio-sdk/cron-example": {
      "version": "1.0.0-prod",
      "resolved": "https://yptt62gzkhog5xuxtuwxvb6ohi0dtfhg.lambda-url.us-east-1.on.aws/RegistryHTTPHandler/npm/cron-example/-/cron-example-1.0.0-prod.tgz",
      "integrity": "sha512-pzBsU4L10LcSyX/sMH2wxWjOCl914ClxYzqjXMXyHuo2yZAKtu1hi8YsyV+IaN/WT9j4Bs0+rUbFl6v2kAwRXw==",
      "bundleDependencies": [
        "genezio-remote"
      ],
      "dependencies": {
        "genezio-remote": "1.0.0"
      }
    },
    "node_modules/@genezio-sdk/cron-example/node_modules/genezio-remote": {
      "version": "1.0.0",
      "inBundle": true
    }
  }
}
