{
  "name": "client",
  "lockfileVersion": 3,
  "requires": true,
  "packages": {
    "": {
      "dependencies": {
        "@genezio-sdk/cron-example_us-east-1": "^1.0.0-prod"
      }
    },
    "node_modules/@genezio-sdk/cron-example_us-east-1": {
      "version": "1.0.0-prod",
      "resolved": "https://yptt62gzkhog5xuxtuwxvb6ohi0dtfhg.lambda-url.us-east-1.on.aws/RegistryHTTPHandler/npm/cron-example_us-east-1/-/cron-example_us-east-1-1.0.0-prod.tgz",
      "integrity": "sha512-8GUwUGiqXdawI6+6+nUousDPwoFrqpeQ1NUgyqpHvMN3Xijfjtm2AigX0e2kZ7ubQa6lo4B/+yDv38lJZ4mr9w=="
    }
  }
}
