{
    "name": "binary-dependency-test",
    "version": "1.0.0",
    "lockfileVersion": 3,
    "requires": true,
    "packages": {
        "": {
            "name": "binary-dependency-test",
            "version": "1.0.0",
            "license": "ISC",
            "dependencies": {
                "@genezio-sdk/binary-dependency-runtime": "^1.0.0-prod"
            }
        },
        "node_modules/@genezio-sdk/binary-dependency-runtime": {
            "version": "1.0.0-prod",
            "resolved": "https://yptt62gzkhog5xuxtuwxvb6ohi0dtfhg.lambda-url.us-east-1.on.aws/RegistryHTTPHandler/npm/binary-dependency-runtime/-/binary-dependency-runtime-1.0.0-prod.tgz",
            "integrity": "sha512-CzMRYP3F9a4bhFXi63E4cgLeSIKBiPkgNRcH4CoqXm4KNL2iS7NFG5pcaeKZETC2A/bXT5nMtce33zyQLEMESQ==",
            "bundleDependencies": [
                "genezio-remote"
            ],
            "dependencies": {
                "genezio-remote": "1.0.0"
            }
        },
        "node_modules/@genezio-sdk/binary-dependency-runtime/node_modules/genezio-remote": {
            "version": "1.0.0",
            "inBundle": true
        }
    }
}
